
Microsoft Visual Studio Solution File, Format Version 12.00
# Visual Studio Version 17
VisualStudioVersion = 17.6.33829.357
MinimumVisualStudioVersion = 10.0.40219.1
Project("{FAE04EC0-301F-11D3-BF4B-00C04F79EFBC}") = "TaskManager Pro2", "TaskManager Pro2.csproj", "{4C4805CC-E6A3-49D9-9698-030D39BE9CA6}"
EndProject
Global
	GlobalSection(SolutionConfigurationPlatforms) = preSolution
		Debug|Any CPU = Debug|Any CPU
		Release|Any CPU = Release|Any CPU
	EndGlobalSection
	GlobalSection(ProjectConfigurationPlatforms) = postSolution
		{4C4805CC-E6A3-49D9-9698-030D39BE9CA6}.Debug|Any CPU.ActiveCfg = Debug|Any CPU
		{4C4805CC-E6A3-49D9-9698-030D39BE9CA6}.Debug|Any CPU.Build.0 = Debug|Any CPU
		{4C4805CC-E6A3-49D9-9698-030D39BE9CA6}.Release|Any CPU.ActiveCfg = Release|Any CPU
		{4C4805CC-E6A3-49D9-9698-030D39BE9CA6}.Release|Any CPU.Build.0 = Release|Any CPU
	EndGlobalSection
	GlobalSection(SolutionProperties) = preSolution
		HideSolutionNode = FALSE
	EndGlobalSection
	GlobalSection(ExtensibilityGlobals) = postSolution
		SolutionGuid = {358A0643-C58A-4FD7-96AF-9984A325D980}
	EndGlobalSection
EndGlobal
